{
  "name": "@authless/common",
  "version": "2.0.0",
  "lockfileVersion": 1,
  "requires": true,
  "dependencies": {
    "@types/node": {
      "version": "14.11.2",
      "resolved": "https://registry.npmjs.org/@types/node/-/node-14.11.2.tgz",
      "integrity": "sha512-jiE3QIxJ8JLNcb1Ps6rDbysDhN4xa8DJJvuC9prr6w+1tIh+QAbYyNF3tyiZNLDBIuBCf4KEcV2UvQm/V60xfA=="
    },
    "@types/puppeteer": {
      "version": "3.0.2",
      "resolved": "https://registry.npmjs.org/@types/puppeteer/-/puppeteer-3.0.2.tgz",
      "integrity": "sha512-JRuHPSbHZBadOxxFwpyZPeRlpPTTeMbQneMdpFd8LXdyNfFSiX950CGewdm69g/ipzEAXAmMyFF1WOWJOL/nKw==",
      "requires": {
        "@types/node": "*"
      }
    },
    "object-hash": {
      "version": "2.0.3",
      "resolved": "https://registry.npmjs.org/object-hash/-/object-hash-2.0.3.tgz",
      "integrity": "sha512-JPKn0GMu+Fa3zt3Bmr66JhokJU5BaNBIh4ZeTlaCBzrBsOeXzwcKKAK1tbLiPKgvwmPXsDvvLHoWh5Bm7ofIYg=="
    }
  }
}
